
Microsoft Visual Studio Solution File, Format Version 12.00
# Visual Studio Version 16
VisualStudioVersion = 16.0.30413.136
MinimumVisualStudioVersion = 10.0.40219.1
Project("{FAE04EC0-301F-11D3-BF4B-00C04F79EFBC}") = "SeyahatAcentesi", "SeyahatAcentesi\SeyahatAcentesi.csproj", "{E5CEA81C-04F7-4B90-8DDF-2B9A0C96D71E}"
EndProject
Project("{FAE04EC0-301F-11D3-BF4B-00C04F79EFBC}") = "bubirdenemedir", "bubirdenemedir\bubirdenemedir.csproj", "{3F129D35-AFFC-48F5-A7F1-AC168B19DDFF}"
EndProject
Global
	GlobalSection(SolutionConfigurationPlatforms) = preSolution
		Debug|Any CPU = Debug|Any CPU
		Release|Any CPU = Release|Any CPU
	EndGlobalSection
	GlobalSection(ProjectConfigurationPlatforms) = postSolution
		{E5CEA81C-04F7-4B90-8DDF-2B9A0C96D71E}.Debug|Any CPU.ActiveCfg = Debug|Any CPU
		{E5CEA81C-04F7-4B90-8DDF-2B9A0C96D71E}.Debug|Any CPU.Build.0 = Debug|Any CPU
		{E5CEA81C-04F7-4B90-8DDF-2B9A0C96D71E}.Release|Any CPU.ActiveCfg = Release|Any CPU
		{E5CEA81C-04F7-4B90-8DDF-2B9A0C96D71E}.Release|Any CPU.Build.0 = Release|Any CPU
		{3F129D35-AFFC-48F5-A7F1-AC168B19DDFF}.Debug|Any CPU.ActiveCfg = Debug|Any CPU
		{3F129D35-AFFC-48F5-A7F1-AC168B19DDFF}.Debug|Any CPU.Build.0 = Debug|Any CPU
		{3F129D35-AFFC-48F5-A7F1-AC168B19DDFF}.Release|Any CPU.ActiveCfg = Release|Any CPU
		{3F129D35-AFFC-48F5-A7F1-AC168B19DDFF}.Release|Any CPU.Build.0 = Release|Any CPU
	EndGlobalSection
	GlobalSection(SolutionProperties) = preSolution
		HideSolutionNode = FALSE
	EndGlobalSection
	GlobalSection(ExtensibilityGlobals) = postSolution
		SolutionGuid = {2BA10E66-8D2C-475B-922F-E93F72089509}
	EndGlobalSection
EndGlobal
